// !$*UTF8*$!
{
	archiveVersion = 1;
	classes = {
	};
	objectVersion = 77;
	objects = {

/* Begin PBXBuildFile section */
		15447A1A2D2C698700DB7205 /* Quartz.framework in Frameworks */ = {isa = PBXBuildFile; fileRef = 15447A192D2C698700DB7205 /* Quartz.framework */; };
		15447A272D2C698700DB7205 /* Preview.appex in Embed Foundation Extensions */ = {isa = PBXBuildFile; fileRef = 15447A172D2C698700DB7205 /* Preview.appex */; settings = {ATTRIBUTES = (RemoveHeadersOnCopy, ); }; };
		15447A5C2D2D617D00DB7205 /* QuickLookThumbnailing.framework in Frameworks */ = {isa = PBXBuildFile; fileRef = 15447A5B2D2D617D00DB7205 /* QuickLookThumbnailing.framework */; };
		15447A5D2D2D617E00DB7205 /* Quartz.framework in Frameworks */ = {isa = PBXBuildFile; fileRef = 15447A192D2C698700DB7205 /* Quartz.framework */; };
		15447A6C2D2D62BB00DB7205 /* LottieViewerCore in Frameworks */ = {isa = PBXBuildFile; productRef = 15447A6B2D2D62BB00DB7205 /* LottieViewerCore */; };
		15447A6E2D2D62C000DB7205 /* LottieViewerCore in Frameworks */ = {isa = PBXBuildFile; productRef = 15447A6D2D2D62C000DB7205 /* LottieViewerCore */; };
		15447A702D2D62C500DB7205 /* LottieViewerCore in Frameworks */ = {isa = PBXBuildFile; productRef = 15447A6F2D2D62C500DB7205 /* LottieViewerCore */; };
		15447A802D2D814600DB7205 /* Lottie in Frameworks */ = {isa = PBXBuildFile; productRef = 15447A7F2D2D814600DB7205 /* Lottie */; };
		15447A822D2D814A00DB7205 /* Lottie in Frameworks */ = {isa = PBXBuildFile; productRef = 15447A812D2D814A00DB7205 /* Lottie */; };
		15447A842D2D815100DB7205 /* Lottie in Frameworks */ = {isa = PBXBuildFile; productRef = 15447A832D2D815100DB7205 /* Lottie */; };
		15577F102D6A28420041E76B /* RiveRuntime in Frameworks */ = {isa = PBXBuildFile; productRef = 15577F0F2D6A28420041E76B /* RiveRuntime */; };
		1570A7F52D5BD1F1004F4B46 /* DotLottie in Frameworks */ = {isa = PBXBuildFile; productRef = 1570A7F42D5BD1F1004F4B46 /* DotLottie */; };
/* End PBXBuildFile section */

/* Begin PBXContainerItemProxy section */
		154479012D281E2100DB7205 /* PBXContainerItemProxy */ = {
			isa = PBXContainerItemProxy;
			containerPortal = 154478E42D281E1F00DB7205 /* Project object */;
			proxyType = 1;
			remoteGlobalIDString = 154478EB2D281E1F00DB7205;
			remoteInfo = LottieViewer;
		};
		1544790B2D281E2100DB7205 /* PBXContainerItemProxy */ = {
			isa = PBXContainerItemProxy;
			containerPortal = 154478E42D281E1F00DB7205 /* Project object */;
			proxyType = 1;
			remoteGlobalIDString = 154478EB2D281E1F00DB7205;
			remoteInfo = LottieViewer;
		};
		15447A252D2C698700DB7205 /* PBXContainerItemProxy */ = {
			isa = PBXContainerItemProxy;
			containerPortal = 154478E42D281E1F00DB7205 /* Project object */;
			proxyType = 1;
			remoteGlobalIDString = 15447A162D2C698700DB7205;
			remoteInfo = Preview;
		};
/* End PBXContainerItemProxy section */

/* Begin PBXCopyFilesBuildPhase section */
		15447A282D2C698700DB7205 /* Embed Foundation Extensions */ = {
			isa = PBXCopyFilesBuildPhase;
			buildActionMask = 2147483647;
			dstPath = "";
			dstSubfolderSpec = 13;
			files = (
				15447A272D2C698700DB7205 /* Preview.appex in Embed Foundation Extensions */,
			);
			name = "Embed Foundation Extensions";
			runOnlyForDeploymentPostprocessing = 0;
		};
		15447A762D2D7A7C00DB7205 /* Embed Frameworks */ = {
			isa = PBXCopyFilesBuildPhase;
			buildActionMask = 2147483647;
			dstPath = "";
			dstSubfolderSpec = 10;
			files = (
			);
			name = "Embed Frameworks";
			runOnlyForDeploymentPostprocessing = 0;
		};
		15447A7A2D2D7A8400DB7205 /* Embed Frameworks */ = {
			isa = PBXCopyFilesBuildPhase;
			buildActionMask = 2147483647;
			dstPath = "";
			dstSubfolderSpec = 10;
			files = (
			);
			name = "Embed Frameworks";
			runOnlyForDeploymentPostprocessing = 0;
		};
		15447A7E2D2D7A8A00DB7205 /* Embed Frameworks */ = {
			isa = PBXCopyFilesBuildPhase;
			buildActionMask = 2147483647;
			dstPath = "";
			dstSubfolderSpec = 10;
			files = (
			);
			name = "Embed Frameworks";
			runOnlyForDeploymentPostprocessing = 0;
		};
/* End PBXCopyFilesBuildPhase section */

/* Begin PBXFileReference section */
		154478EC2D281E1F00DB7205 /* LottieViewer.app */ = {isa = PBXFileReference; explicitFileType = wrapper.application; includeInIndex = 0; path = LottieViewer.app; sourceTree = BUILT_PRODUCTS_DIR; };
		154479002D281E2100DB7205 /* LottieViewerTests.xctest */ = {isa = PBXFileReference; explicitFileType = wrapper.cfbundle; includeInIndex = 0; path = LottieViewerTests.xctest; sourceTree = BUILT_PRODUCTS_DIR; };
		1544790A2D281E2100DB7205 /* LottieViewerUITests.xctest */ = {isa = PBXFileReference; explicitFileType = wrapper.cfbundle; includeInIndex = 0; path = LottieViewerUITests.xctest; sourceTree = BUILT_PRODUCTS_DIR; };
		15447A172D2C698700DB7205 /* Preview.appex */ = {isa = PBXFileReference; explicitFileType = "wrapper.app-extension"; includeInIndex = 0; path = Preview.appex; sourceTree = BUILT_PRODUCTS_DIR; };
		15447A192D2C698700DB7205 /* Quartz.framework */ = {isa = PBXFileReference; lastKnownFileType = wrapper.framework; name = Quartz.framework; path = System/Library/Frameworks/Quartz.framework; sourceTree = SDKROOT; };
		15447A5A2D2D617D00DB7205 /* Thumbnail.appex */ = {isa = PBXFileReference; explicitFileType = "wrapper.app-extension"; includeInIndex = 0; path = Thumbnail.appex; sourceTree = BUILT_PRODUCTS_DIR; };
		15447A5B2D2D617D00DB7205 /* QuickLookThumbnailing.framework */ = {isa = PBXFileReference; lastKnownFileType = wrapper.framework; name = QuickLookThumbnailing.framework; path = System/Library/Frameworks/QuickLookThumbnailing.framework; sourceTree = SDKROOT; };
		15447A6A2D2D625F00DB7205 /* LottieViewerCore */ = {isa = PBXFileReference; lastKnownFileType = wrapper; path = LottieViewerCore; sourceTree = "<group>"; };
/* End PBXFileReference section */

/* Begin PBXFileSystemSynchronizedBuildFileExceptionSet section */
		154479122D281E2100DB7205 /* Exceptions for "LottieViewer" folder in "LottieViewer" target */ = {
			isa = PBXFileSystemSynchronizedBuildFileExceptionSet;
			membershipExceptions = (
				Info.plist,
			);
			target = 154478EB2D281E1F00DB7205 /* LottieViewer */;
		};
		15447A2C2D2C698700DB7205 /* Exceptions for "Preview" folder in "Preview" target */ = {
			isa = PBXFileSystemSynchronizedBuildFileExceptionSet;
			membershipExceptions = (
				Info.plist,
			);
			target = 15447A162D2C698700DB7205 /* Preview */;
		};
		15447A692D2D617E00DB7205 /* Exceptions for "Thumbnail" folder in "Thumbnail" target */ = {
			isa = PBXFileSystemSynchronizedBuildFileExceptionSet;
			membershipExceptions = (
				Info.plist,
			);
			target = 15447A592D2D617D00DB7205 /* Thumbnail */;
		};
/* End PBXFileSystemSynchronizedBuildFileExceptionSet section */

/* Begin PBXFileSystemSynchronizedRootGroup section */
		154478EE2D281E1F00DB7205 /* LottieViewer */ = {
			isa = PBXFileSystemSynchronizedRootGroup;
			exceptions = (
				154479122D281E2100DB7205 /* Exceptions for "LottieViewer" folder in "LottieViewer" target */,
			);
			path = LottieViewer;
			sourceTree = "<group>";
		};
		154479032D281E2100DB7205 /* LottieViewerTests */ = {
			isa = PBXFileSystemSynchronizedRootGroup;
			path = LottieViewerTests;
			sourceTree = "<group>";
		};
		1544790D2D281E2100DB7205 /* LottieViewerUITests */ = {
			isa = PBXFileSystemSynchronizedRootGroup;
			path = LottieViewerUITests;
			sourceTree = "<group>";
		};
		15447A1B2D2C698700DB7205 /* Preview */ = {
			isa = PBXFileSystemSynchronizedRootGroup;
			exceptions = (
				15447A2C2D2C698700DB7205 /* Exceptions for "Preview" folder in "Preview" target */,
			);
			path = Preview;
			sourceTree = "<group>";
		};
		15447A5E2D2D617E00DB7205 /* Thumbnail */ = {
			isa = PBXFileSystemSynchronizedRootGroup;
			exceptions = (
				15447A692D2D617E00DB7205 /* Exceptions for "Thumbnail" folder in "Thumbnail" target */,
			);
			path = Thumbnail;
			sourceTree = "<group>";
		};
/* End PBXFileSystemSynchronizedRootGroup section */

/* Begin PBXFrameworksBuildPhase section */
		154478E92D281E1F00DB7205 /* Frameworks */ = {
			isa = PBXFrameworksBuildPhase;
			buildActionMask = 2147483647;
			files = (
				15447A6C2D2D62BB00DB7205 /* LottieViewerCore in Frameworks */,
				15577F102D6A28420041E76B /* RiveRuntime in Frameworks */,
				15447A842D2D815100DB7205 /* Lottie in Frameworks */,
				1570A7F52D5BD1F1004F4B46 /* DotLottie in Frameworks */,
			);
			runOnlyForDeploymentPostprocessing = 0;
		};
		154478FD2D281E2100DB7205 /* Frameworks */ = {
			isa = PBXFrameworksBuildPhase;
			buildActionMask = 2147483647;
			files = (
			);
			runOnlyForDeploymentPostprocessing = 0;
		};
		154479072D281E2100DB7205 /* Frameworks */ = {
			isa = PBXFrameworksBuildPhase;
			buildActionMask = 2147483647;
			files = (
			);
			runOnlyForDeploymentPostprocessing = 0;
		};
		15447A142D2C698700DB7205 /* Frameworks */ = {
			isa = PBXFrameworksBuildPhase;
			buildActionMask = 2147483647;
			files = (
				15447A1A2D2C698700DB7205 /* Quartz.framework in Frameworks */,
				15447A6E2D2D62C000DB7205 /* LottieViewerCore in Frameworks */,
				15447A822D2D814A00DB7205 /* Lottie in Frameworks */,
			);
			runOnlyForDeploymentPostprocessing = 0;
		};
		15447A572D2D617D00DB7205 /* Frameworks */ = {
			isa = PBXFrameworksBuildPhase;
			buildActionMask = 2147483647;
			files = (
				15447A5C2D2D617D00DB7205 /* QuickLookThumbnailing.framework in Frameworks */,
				15447A702D2D62C500DB7205 /* LottieViewerCore in Frameworks */,
				15447A5D2D2D617E00DB7205 /* Quartz.framework in Frameworks */,
				15447A802D2D814600DB7205 /* Lottie in Frameworks */,
			);
			runOnlyForDeploymentPostprocessing = 0;
		};
/* End PBXFrameworksBuildPhase section */

/* Begin PBXGroup section */
		154478E32D281E1F00DB7205 = {
			isa = PBXGroup;
			children = (
				15447A6A2D2D625F00DB7205 /* LottieViewerCore */,
				154478EE2D281E1F00DB7205 /* LottieViewer */,
				154479032D281E2100DB7205 /* LottieViewerTests */,
				1544790D2D281E2100DB7205 /* LottieViewerUITests */,
				15447A1B2D2C698700DB7205 /* Preview */,
				15447A5E2D2D617E00DB7205 /* Thumbnail */,
				15447A182D2C698700DB7205 /* Frameworks */,
				154478ED2D281E1F00DB7205 /* Products */,
			);
			sourceTree = "<group>";
		};
		154478ED2D281E1F00DB7205 /* Products */ = {
			isa = PBXGroup;
			children = (
				154478EC2D281E1F00DB7205 /* LottieViewer.app */,
				154479002D281E2100DB7205 /* LottieViewerTests.xctest */,
				1544790A2D281E2100DB7205 /* LottieViewerUITests.xctest */,
				15447A172D2C698700DB7205 /* Preview.appex */,
				15447A5A2D2D617D00DB7205 /* Thumbnail.appex */,
			);
			name = Products;
			sourceTree = "<group>";
		};
		15447A182D2C698700DB7205 /* Frameworks */ = {
			isa = PBXGroup;
			children = (
				15447A192D2C698700DB7205 /* Quartz.framework */,
				15447A5B2D2D617D00DB7205 /* QuickLookThumbnailing.framework */,
			);
			name = Frameworks;
			sourceTree = "<group>";
		};
/* End PBXGroup section */

/* Begin PBXNativeTarget section */
		154478EB2D281E1F00DB7205 /* LottieViewer */ = {
			isa = PBXNativeTarget;
			buildConfigurationList = 154479132D281E2100DB7205 /* Build configuration list for PBXNativeTarget "LottieViewer" */;
			buildPhases = (
				15A64B712D3849A9004BE70E /* Generate Package Metadata */,
				154478E82D281E1F00DB7205 /* Sources */,
				154478E92D281E1F00DB7205 /* Frameworks */,
				154478EA2D281E1F00DB7205 /* Resources */,
				15447A282D2C698700DB7205 /* Embed Foundation Extensions */,
				15447A762D2D7A7C00DB7205 /* Embed Frameworks */,
			);
			buildRules = (
			);
			dependencies = (
				15447A262D2C698700DB7205 /* PBXTargetDependency */,
			);
			fileSystemSynchronizedGroups = (
				154478EE2D281E1F00DB7205 /* LottieViewer */,
			);
			name = LottieViewer;
			packageProductDependencies = (
				15447A6B2D2D62BB00DB7205 /* LottieViewerCore */,
				15447A832D2D815100DB7205 /* Lottie */,
				1570A7F42D5BD1F1004F4B46 /* DotLottie */,
				15577F0F2D6A28420041E76B /* RiveRuntime */,
			);
			productName = LottieViewer;
			productReference = 154478EC2D281E1F00DB7205 /* LottieViewer.app */;
			productType = "com.apple.product-type.application";
		};
		154478FF2D281E2100DB7205 /* LottieViewerTests */ = {
			isa = PBXNativeTarget;
			buildConfigurationList = 154479182D281E2100DB7205 /* Build configuration list for PBXNativeTarget "LottieViewerTests" */;
			buildPhases = (
				154478FC2D281E2100DB7205 /* Sources */,
				154478FD2D281E2100DB7205 /* Frameworks */,
				154478FE2D281E2100DB7205 /* Resources */,
			);
			buildRules = (
			);
			dependencies = (
				154479022D281E2100DB7205 /* PBXTargetDependency */,
			);
			fileSystemSynchronizedGroups = (
				154479032D281E2100DB7205 /* LottieViewerTests */,
			);
			name = LottieViewerTests;
			packageProductDependencies = (
			);
			productName = LottieViewerTests;
			productReference = 154479002D281E2100DB7205 /* LottieViewerTests.xctest */;
			productType = "com.apple.product-type.bundle.unit-test";
		};
		154479092D281E2100DB7205 /* LottieViewerUITests */ = {
			isa = PBXNativeTarget;
			buildConfigurationList = 1544791B2D281E2100DB7205 /* Build configuration list for PBXNativeTarget "LottieViewerUITests" */;
			buildPhases = (
				154479062D281E2100DB7205 /* Sources */,
				154479072D281E2100DB7205 /* Frameworks */,
				154479082D281E2100DB7205 /* Resources */,
			);
			buildRules = (
			);
			dependencies = (
				1544790C2D281E2100DB7205 /* PBXTargetDependency */,
			);
			fileSystemSynchronizedGroups = (
				1544790D2D281E2100DB7205 /* LottieViewerUITests */,
			);
			name = LottieViewerUITests;
			packageProductDependencies = (
			);
			productName = LottieViewerUITests;
			productReference = 1544790A2D281E2100DB7205 /* LottieViewerUITests.xctest */;
			productType = "com.apple.product-type.bundle.ui-testing";
		};
		15447A162D2C698700DB7205 /* Preview */ = {
			isa = PBXNativeTarget;
			buildConfigurationList = 15447A2B2D2C698700DB7205 /* Build configuration list for PBXNativeTarget "Preview" */;
			buildPhases = (
				15447A132D2C698700DB7205 /* Sources */,
				15447A142D2C698700DB7205 /* Frameworks */,
				15447A152D2C698700DB7205 /* Resources */,
				15447A7A2D2D7A8400DB7205 /* Embed Frameworks */,
			);
			buildRules = (
			);
			dependencies = (
			);
			fileSystemSynchronizedGroups = (
				15447A1B2D2C698700DB7205 /* Preview */,
			);
			name = Preview;
			packageProductDependencies = (
				15447A6D2D2D62C000DB7205 /* LottieViewerCore */,
				15447A812D2D814A00DB7205 /* Lottie */,
			);
			productName = Preview;
			productReference = 15447A172D2C698700DB7205 /* Preview.appex */;
			productType = "com.apple.product-type.app-extension";
		};
		15447A592D2D617D00DB7205 /* Thumbnail */ = {
			isa = PBXNativeTarget;
			buildConfigurationList = 15447A662D2D617E00DB7205 /* Build configuration list for PBXNativeTarget "Thumbnail" */;
			buildPhases = (
				15447A562D2D617D00DB7205 /* Sources */,
				15447A572D2D617D00DB7205 /* Frameworks */,
				15447A582D2D617D00DB7205 /* Resources */,
				15447A7E2D2D7A8A00DB7205 /* Embed Frameworks */,
			);
			buildRules = (
			);
			dependencies = (
			);
			fileSystemSynchronizedGroups = (
				15447A5E2D2D617E00DB7205 /* Thumbnail */,
			);
			name = Thumbnail;
			packageProductDependencies = (
				15447A6F2D2D62C500DB7205 /* LottieViewerCore */,
				15447A7F2D2D814600DB7205 /* Lottie */,
			);
			productName = Thumbnail;
			productReference = 15447A5A2D2D617D00DB7205 /* Thumbnail.appex */;
			productType = "com.apple.product-type.app-extension";
		};
/* End PBXNativeTarget section */

/* Begin PBXProject section */
		154478E42D281E1F00DB7205 /* Project object */ = {
			isa = PBXProject;
			attributes = {
				BuildIndependentTargetsInParallel = 1;
				LastSwiftUpdateCheck = 1620;
				LastUpgradeCheck = 1620;
				TargetAttributes = {
					154478EB2D281E1F00DB7205 = {
						CreatedOnToolsVersion = 16.2;
					};
					154478FF2D281E2100DB7205 = {
						CreatedOnToolsVersion = 16.2;
						TestTargetID = 154478EB2D281E1F00DB7205;
					};
					154479092D281E2100DB7205 = {
						CreatedOnToolsVersion = 16.2;
						TestTargetID = 154478EB2D281E1F00DB7205;
					};
					15447A162D2C698700DB7205 = {
						CreatedOnToolsVersion = 16.2;
					};
					15447A592D2D617D00DB7205 = {
						CreatedOnToolsVersion = 16.2;
					};
				};
			};
			buildConfigurationList = 154478E72D281E1F00DB7205 /* Build configuration list for PBXProject "LottieViewer" */;
			developmentRegion = en;
			hasScannedForEncodings = 0;
			knownRegions = (
				en,
				Base,
				cs,
			);
			mainGroup = 154478E32D281E1F00DB7205;
			minimizedProjectReferenceProxies = 1;
			packageReferences = (
				1544797B2D297DC100DB7205 /* XCRemoteSwiftPackageReference "lottie-ios" */,
				1570A7F32D5BD1F1004F4B46 /* XCRemoteSwiftPackageReference "dotlottie-ios" */,
				15577F0E2D6A28420041E76B /* XCRemoteSwiftPackageReference "rive-ios" */,
			);
			preferredProjectObjectVersion = 77;
			productRefGroup = 154478ED2D281E1F00DB7205 /* Products */;
			projectDirPath = "";
			projectRoot = "";
			targets = (
				154478EB2D281E1F00DB7205 /* LottieViewer */,
				15447A162D2C698700DB7205 /* Preview */,
				15447A592D2D617D00DB7205 /* Thumbnail */,
				154478FF2D281E2100DB7205 /* LottieViewerTests */,
				154479092D281E2100DB7205 /* LottieViewerUITests */,
			);
		};
/* End PBXProject section */

/* Begin PBXResourcesBuildPhase section */
		154478EA2D281E1F00DB7205 /* Resources */ = {
			isa = PBXResourcesBuildPhase;
			buildActionMask = 2147483647;
			files = (
			);
			runOnlyForDeploymentPostprocessing = 0;
		};
		154478FE2D281E2100DB7205 /* Resources */ = {
			isa = PBXResourcesBuildPhase;
			buildActionMask = 2147483647;
			files = (
			);
			runOnlyForDeploymentPostprocessing = 0;
		};
		154479082D281E2100DB7205 /* Resources */ = {
			isa = PBXResourcesBuildPhase;
			buildActionMask = 2147483647;
			files = (
			);
			runOnlyForDeploymentPostprocessing = 0;
		};
		15447A152D2C698700DB7205 /* Resources */ = {
			isa = PBXResourcesBuildPhase;
			buildActionMask = 2147483647;
			files = (
			);
			runOnlyForDeploymentPostprocessing = 0;
		};
		15447A582D2D617D00DB7205 /* Resources */ = {
			isa = PBXResourcesBuildPhase;
			buildActionMask = 2147483647;
			files = (
			);
			runOnlyForDeploymentPostprocessing = 0;
		};
/* End PBXResourcesBuildPhase section */

/* Begin PBXShellScriptBuildPhase section */
		15A64B712D3849A9004BE70E /* Generate Package Metadata */ = {
			isa = PBXShellScriptBuildPhase;
			buildActionMask = 2147483647;
			files = (
			);
			inputFileListPaths = (
			);
			inputPaths = (
				"$(SRCROOT)/Scripts/generate-package-metadata.sh",
				"$(SRCROOT)/LottieViewer.xcodeproj/project.xcworkspace/xcshareddata/swiftpm/Package.resolved",
				"${BUILD_DIR%/Build/*}/SourcePackages/checkouts",
				"${BUILT_PRODUCTS_DIR}/SwiftPackageProducts",
			);
			name = "Generate Package Metadata";
			outputFileListPaths = (
			);
			outputPaths = (
				"$(SRCROOT)/LottieViewer/Generated/ResolvedPackages.swift",
			);
			runOnlyForDeploymentPostprocessing = 0;
			shellPath = /bin/sh;
			shellScript = "if [ -f \"${SRCROOT}/Scripts/generate-package-metadata.sh\" ]; then\n    \"${SRCROOT}/Scripts/generate-package-metadata.sh\" ${BUILD_DIR} ${BUILT_PRODUCTS_DIR}\nfi\n";
		};
/* End PBXShellScriptBuildPhase section */

/* Begin PBXSourcesBuildPhase section */
		154478E82D281E1F00DB7205 /* Sources */ = {
			isa = PBXSourcesBuildPhase;
			buildActionMask = 2147483647;
			files = (
			);
			runOnlyForDeploymentPostprocessing = 0;
		};
		154478FC2D281E2100DB7205 /* Sources */ = {
			isa = PBXSourcesBuildPhase;
			buildActionMask = 2147483647;
			files = (
			);
			runOnlyForDeploymentPostprocessing = 0;
		};
		154479062D281E2100DB7205 /* Sources */ = {
			isa = PBXSourcesBuildPhase;
			buildActionMask = 2147483647;
			files = (
			);
			runOnlyForDeploymentPostprocessing = 0;
		};
		15447A132D2C698700DB7205 /* Sources */ = {
			isa = PBXSourcesBuildPhase;
			buildActionMask = 2147483647;
			files = (
			);
			runOnlyForDeploymentPostprocessing = 0;
		};
		15447A562D2D617D00DB7205 /* Sources */ = {
			isa = PBXSourcesBuildPhase;
			buildActionMask = 2147483647;
			files = (
			);
			runOnlyForDeploymentPostprocessing = 0;
		};
/* End PBXSourcesBuildPhase section */

/* Begin PBXTargetDependency section */
		154479022D281E2100DB7205 /* PBXTargetDependency */ = {
			isa = PBXTargetDependency;
			target = 154478EB2D281E1F00DB7205 /* LottieViewer */;
			targetProxy = 154479012D281E2100DB7205 /* PBXContainerItemProxy */;
		};
		1544790C2D281E2100DB7205 /* PBXTargetDependency */ = {
			isa = PBXTargetDependency;
			target = 154478EB2D281E1F00DB7205 /* LottieViewer */;
			targetProxy = 1544790B2D281E2100DB7205 /* PBXContainerItemProxy */;
		};
		15447A262D2C698700DB7205 /* PBXTargetDependency */ = {
			isa = PBXTargetDependency;
			target = 15447A162D2C698700DB7205 /* Preview */;
			targetProxy = 15447A252D2C698700DB7205 /* PBXContainerItemProxy */;
		};
/* End PBXTargetDependency section */

/* Begin XCBuildConfiguration section */
		154479142D281E2100DB7205 /* Debug */ = {
			isa = XCBuildConfiguration;
			buildSettings = {
				ASSETCATALOG_COMPILER_APPICON_NAME = AppIcon;
				ASSETCATALOG_COMPILER_GLOBAL_ACCENT_COLOR_NAME = AccentColor;
				CODE_SIGN_ENTITLEMENTS = LottieViewer/LottieViewer.entitlements;
				"CODE_SIGN_IDENTITY[sdk=macosx*]" = "Apple Development";
				CODE_SIGN_STYLE = Automatic;
				COMBINE_HIDPI_IMAGES = YES;
				DEAD_CODE_STRIPPING = YES;
				DEVELOPMENT_ASSET_PATHS = "\"LottieViewer/Preview Content\"";
				DEVELOPMENT_TEAM = QLPB86L68N;
				ENABLE_HARDENED_RUNTIME = YES;
				ENABLE_PREVIEWS = YES;
				GENERATE_INFOPLIST_FILE = YES;
				INFOPLIST_FILE = LottieViewer/Info.plist;
				INFOPLIST_KEY_CFBundleDisplayName = "Lottie Viewer";
				INFOPLIST_KEY_LSApplicationCategoryType = "public.app-category.developer-tools";
				INFOPLIST_KEY_NSHumanReadableCopyright = "Copyright © 2025 Matěj Kašpar Jirásek";
				LD_RUNPATH_SEARCH_PATHS = (
					"$(inherited)",
					"@executable_path/../Frameworks",
				);
				PRODUCT_BUNDLE_IDENTIFIER = dev.mkj.LottieViewer;
				PRODUCT_NAME = "$(TARGET_NAME)";
				SWIFT_EMIT_LOC_STRINGS = YES;
				SWIFT_VERSION = 5.0;
			};
			name = Debug;
		};
		154479152D281E2100DB7205 /* Release */ = {
			isa = XCBuildConfiguration;
			buildSettings = {
				ASSETCATALOG_COMPILER_APPICON_NAME = AppIcon;
				ASSETCATALOG_COMPILER_GLOBAL_ACCENT_COLOR_NAME = AccentColor;
				CODE_SIGN_ENTITLEMENTS = LottieViewer/LottieViewer.entitlements;
				"CODE_SIGN_IDENTITY[sdk=macosx*]" = "Apple Development";
				CODE_SIGN_STYLE = Automatic;
				COMBINE_HIDPI_IMAGES = YES;
				DEAD_CODE_STRIPPING = YES;
				DEVELOPMENT_ASSET_PATHS = "\"LottieViewer/Preview Content\"";
				DEVELOPMENT_TEAM = QLPB86L68N;
				ENABLE_HARDENED_RUNTIME = YES;
				ENABLE_PREVIEWS = YES;
				GENERATE_INFOPLIST_FILE = YES;
				INFOPLIST_FILE = LottieViewer/Info.plist;
				INFOPLIST_KEY_CFBundleDisplayName = "Lottie Viewer";
				INFOPLIST_KEY_LSApplicationCategoryType = "public.app-category.developer-tools";
				INFOPLIST_KEY_NSHumanReadableCopyright = "Copyright © 2025 Matěj Kašpar Jirásek";
				LD_RUNPATH_SEARCH_PATHS = (
					"$(inherited)",
					"@executable_path/../Frameworks",
				);
				PRODUCT_BUNDLE_IDENTIFIER = dev.mkj.LottieViewer;
				PRODUCT_NAME = "$(TARGET_NAME)";
				SWIFT_EMIT_LOC_STRINGS = YES;
				SWIFT_VERSION = 5.0;
			};
			name = Release;
		};
		154479162D281E2100DB7205 /* Debug */ = {
			isa = XCBuildConfiguration;
			buildSettings = {
				ALWAYS_SEARCH_USER_PATHS = NO;
				ASSETCATALOG_COMPILER_GENERATE_SWIFT_ASSET_SYMBOL_EXTENSIONS = YES;
				CLANG_ANALYZER_LOCALIZABILITY_NONLOCALIZED = YES;
				CLANG_ANALYZER_NONNULL = YES;
				CLANG_ANALYZER_NUMBER_OBJECT_CONVERSION = YES_AGGRESSIVE;
				CLANG_CXX_LANGUAGE_STANDARD = "gnu++20";
				CLANG_ENABLE_MODULES = YES;
				CLANG_ENABLE_OBJC_ARC = YES;
				CLANG_ENABLE_OBJC_WEAK = YES;
				CLANG_WARN_BLOCK_CAPTURE_AUTORELEASING = YES;
				CLANG_WARN_BOOL_CONVERSION = YES;
				CLANG_WARN_COMMA = YES;
				CLANG_WARN_CONSTANT_CONVERSION = YES;
				CLANG_WARN_DEPRECATED_OBJC_IMPLEMENTATIONS = YES;
				CLANG_WARN_DIRECT_OBJC_ISA_USAGE = YES_ERROR;
				CLANG_WARN_DOCUMENTATION_COMMENTS = YES;
				CLANG_WARN_EMPTY_BODY = YES;
				CLANG_WARN_ENUM_CONVERSION = YES;
				CLANG_WARN_INFINITE_RECURSION = YES;
				CLANG_WARN_INT_CONVERSION = YES;
				CLANG_WARN_NON_LITERAL_NULL_CONVERSION = YES;
				CLANG_WARN_OBJC_IMPLICIT_RETAIN_SELF = YES;
				CLANG_WARN_OBJC_LITERAL_CONVERSION = YES;
				CLANG_WARN_OBJC_ROOT_CLASS = YES_ERROR;
				CLANG_WARN_QUOTED_INCLUDE_IN_FRAMEWORK_HEADER = YES;
				CLANG_WARN_RANGE_LOOP_ANALYSIS = YES;
				CLANG_WARN_STRICT_PROTOTYPES = YES;
				CLANG_WARN_SUSPICIOUS_MOVE = YES;
				CLANG_WARN_UNGUARDED_AVAILABILITY = YES_AGGRESSIVE;
				CLANG_WARN_UNREACHABLE_CODE = YES;
				CLANG_WARN__DUPLICATE_METHOD_MATCH = YES;
				COPY_PHASE_STRIP = NO;
				CURRENT_PROJECT_VERSION = 8;
				DEAD_CODE_STRIPPING = YES;
				DEBUG_INFORMATION_FORMAT = dwarf;
				ENABLE_STRICT_OBJC_MSGSEND = YES;
				ENABLE_TESTABILITY = YES;
				ENABLE_USER_SCRIPT_SANDBOXING = YES;
				GCC_C_LANGUAGE_STANDARD = gnu17;
				GCC_DYNAMIC_NO_PIC = NO;
				GCC_NO_COMMON_BLOCKS = YES;
				GCC_OPTIMIZATION_LEVEL = 0;
				GCC_PREPROCESSOR_DEFINITIONS = (
					"DEBUG=1",
					"$(inherited)",
				);
				GCC_WARN_64_TO_32_BIT_CONVERSION = YES;
				GCC_WARN_ABOUT_RETURN_TYPE = YES_ERROR;
				GCC_WARN_UNDECLARED_SELECTOR = YES;
				GCC_WARN_UNINITIALIZED_AUTOS = YES_AGGRESSIVE;
				GCC_WARN_UNUSED_FUNCTION = YES;
				GCC_WARN_UNUSED_VARIABLE = YES;
				LOCALIZATION_PREFERS_STRING_CATALOGS = YES;
				MACOSX_DEPLOYMENT_TARGET = 14.0;
				MARKETING_VERSION = 1.4.1;
				MTL_ENABLE_DEBUG_INFO = INCLUDE_SOURCE;
				MTL_FAST_MATH = YES;
				ONLY_ACTIVE_ARCH = YES;
				SDKROOT = macosx;
				SWIFT_ACTIVE_COMPILATION_CONDITIONS = "DEBUG $(inherited)";
				SWIFT_EMIT_LOC_STRINGS = YES;
				SWIFT_OPTIMIZATION_LEVEL = "-Onone";
				SWIFT_STRICT_CONCURRENCY = complete;
			};
			name = Debug;
		};
		154479172D281E2100DB7205 /* Release */ = {
			isa = XCBuildConfiguration;
			buildSettings = {
				ALWAYS_SEARCH_USER_PATHS = NO;
				ASSETCATALOG_COMPILER_GENERATE_SWIFT_ASSET_SYMBOL_EXTENSIONS = YES;
				CLANG_ANALYZER_LOCALIZABILITY_NONLOCALIZED = YES;
				CLANG_ANALYZER_NONNULL = YES;
				CLANG_ANALYZER_NUMBER_OBJECT_CONVERSION = YES_AGGRESSIVE;
				CLANG_CXX_LANGUAGE_STANDARD = "gnu++20";
				CLANG_ENABLE_MODULES = YES;
				CLANG_ENABLE_OBJC_ARC = YES;
				CLANG_ENABLE_OBJC_WEAK = YES;
				CLANG_WARN_BLOCK_CAPTURE_AUTORELEASING = YES;
				CLANG_WARN_BOOL_CONVERSION = YES;
				CLANG_WARN_COMMA = YES;
				CLANG_WARN_CONSTANT_CONVERSION = YES;
				CLANG_WARN_DEPRECATED_OBJC_IMPLEMENTATIONS = YES;
				CLANG_WARN_DIRECT_OBJC_ISA_USAGE = YES_ERROR;
				CLANG_WARN_DOCUMENTATION_COMMENTS = YES;
				CLANG_WARN_EMPTY_BODY = YES;
				CLANG_WARN_ENUM_CONVERSION = YES;
				CLANG_WARN_INFINITE_RECURSION = YES;
				CLANG_WARN_INT_CONVERSION = YES;
				CLANG_WARN_NON_LITERAL_NULL_CONVERSION = YES;
				CLANG_WARN_OBJC_IMPLICIT_RETAIN_SELF = YES;
				CLANG_WARN_OBJC_LITERAL_CONVERSION = YES;
				CLANG_WARN_OBJC_ROOT_CLASS = YES_ERROR;
				CLANG_WARN_QUOTED_INCLUDE_IN_FRAMEWORK_HEADER = YES;
				CLANG_WARN_RANGE_LOOP_ANALYSIS = YES;
				CLANG_WARN_STRICT_PROTOTYPES = YES;
				CLANG_WARN_SUSPICIOUS_MOVE = YES;
				CLANG_WARN_UNGUARDED_AVAILABILITY = YES_AGGRESSIVE;
				CLANG_WARN_UNREACHABLE_CODE = YES;
				CLANG_WARN__DUPLICATE_METHOD_MATCH = YES;
				COPY_PHASE_STRIP = NO;
				CURRENT_PROJECT_VERSION = 8;
				DEAD_CODE_STRIPPING = YES;
				DEBUG_INFORMATION_FORMAT = "dwarf-with-dsym";
				ENABLE_NS_ASSERTIONS = NO;
				ENABLE_STRICT_OBJC_MSGSEND = YES;
				ENABLE_USER_SCRIPT_SANDBOXING = YES;
				GCC_C_LANGUAGE_STANDARD = gnu17;
				GCC_NO_COMMON_BLOCKS = YES;
				GCC_WARN_64_TO_32_BIT_CONVERSION = YES;
				GCC_WARN_ABOUT_RETURN_TYPE = YES_ERROR;
				GCC_WARN_UNDECLARED_SELECTOR = YES;
				GCC_WARN_UNINITIALIZED_AUTOS = YES_AGGRESSIVE;
				GCC_WARN_UNUSED_FUNCTION = YES;
				GCC_WARN_UNUSED_VARIABLE = YES;
				LOCALIZATION_PREFERS_STRING_CATALOGS = YES;
				MACOSX_DEPLOYMENT_TARGET = 14.0;
				MARKETING_VERSION = 1.4.1;
				MTL_ENABLE_DEBUG_INFO = NO;
				MTL_FAST_MATH = YES;
				SDKROOT = macosx;
				SWIFT_COMPILATION_MODE = wholemodule;
				SWIFT_EMIT_LOC_STRINGS = YES;
				SWIFT_STRICT_CONCURRENCY = complete;
			};
			name = Release;
		};
		154479192D281E2100DB7205 /* Debug */ = {
			isa = XCBuildConfiguration;
			buildSettings = {
				BUNDLE_LOADER = "$(TEST_HOST)";
				CODE_SIGN_STYLE = Automatic;
				DEAD_CODE_STRIPPING = YES;
				DEVELOPMENT_TEAM = QLPB86L68N;
				GENERATE_INFOPLIST_FILE = YES;
				PRODUCT_BUNDLE_IDENTIFIER = dev.mkj.LottieViewerTests;
				PRODUCT_NAME = "$(TARGET_NAME)";
				SWIFT_EMIT_LOC_STRINGS = NO;
				SWIFT_VERSION = 5.0;
				TEST_HOST = "$(BUILT_PRODUCTS_DIR)/LottieViewer.app/$(BUNDLE_EXECUTABLE_FOLDER_PATH)/LottieViewer";
			};
			name = Debug;
		};
		1544791A2D281E2100DB7205 /* Release */ = {
			isa = XCBuildConfiguration;
			buildSettings = {
				BUNDLE_LOADER = "$(TEST_HOST)";
				CODE_SIGN_STYLE = Automatic;
				DEAD_CODE_STRIPPING = YES;
				DEVELOPMENT_TEAM = QLPB86L68N;
				GENERATE_INFOPLIST_FILE = YES;
				PRODUCT_BUNDLE_IDENTIFIER = dev.mkj.LottieViewerTests;
				PRODUCT_NAME = "$(TARGET_NAME)";
				SWIFT_EMIT_LOC_STRINGS = NO;
				SWIFT_VERSION = 5.0;
				TEST_HOST = "$(BUILT_PRODUCTS_DIR)/LottieViewer.app/$(BUNDLE_EXECUTABLE_FOLDER_PATH)/LottieViewer";
			};
			name = Release;
		};
		1544791C2D281E2100DB7205 /* Debug */ = {
			isa = XCBuildConfiguration;
			buildSettings = {
				CODE_SIGN_STYLE = Automatic;
				DEAD_CODE_STRIPPING = YES;
				DEVELOPMENT_TEAM = QLPB86L68N;
				GENERATE_INFOPLIST_FILE = YES;
				PRODUCT_BUNDLE_IDENTIFIER = dev.mkj.LottieViewerUITests;
				PRODUCT_NAME = "$(TARGET_NAME)";
				SWIFT_EMIT_LOC_STRINGS = NO;
				SWIFT_VERSION = 5.0;
				TEST_TARGET_NAME = LottieViewer;
			};
			name = Debug;
		};
		1544791D2D281E2100DB7205 /* Release */ = {
			isa = XCBuildConfiguration;
			buildSettings = {
				CODE_SIGN_STYLE = Automatic;
				DEAD_CODE_STRIPPING = YES;
				DEVELOPMENT_TEAM = QLPB86L68N;
				GENERATE_INFOPLIST_FILE = YES;
				PRODUCT_BUNDLE_IDENTIFIER = dev.mkj.LottieViewerUITests;
				PRODUCT_NAME = "$(TARGET_NAME)";
				SWIFT_EMIT_LOC_STRINGS = NO;
				SWIFT_VERSION = 5.0;
				TEST_TARGET_NAME = LottieViewer;
			};
			name = Release;
		};
		15447A292D2C698700DB7205 /* Debug */ = {
			isa = XCBuildConfiguration;
			buildSettings = {
				CODE_SIGN_ENTITLEMENTS = Preview/Preview.entitlements;
				CODE_SIGN_STYLE = Automatic;
				DEAD_CODE_STRIPPING = YES;
				DEVELOPMENT_TEAM = QLPB86L68N;
				ENABLE_HARDENED_RUNTIME = YES;
				GENERATE_INFOPLIST_FILE = YES;
				INFOPLIST_FILE = Preview/Info.plist;
				INFOPLIST_KEY_CFBundleDisplayName = Preview;
				INFOPLIST_KEY_NSHumanReadableCopyright = "";
				LD_RUNPATH_SEARCH_PATHS = (
					"$(inherited)",
					"@executable_path/../Frameworks",
					"@executable_path/../../../../Frameworks",
				);
				PRODUCT_BUNDLE_IDENTIFIER = dev.mkj.LottieViewer.Preview;
				PRODUCT_NAME = "$(TARGET_NAME)";
				SKIP_INSTALL = YES;
				SWIFT_EMIT_LOC_STRINGS = YES;
				SWIFT_VERSION = 5.0;
			};
			name = Debug;
		};
		15447A2A2D2C698700DB7205 /* Release */ = {
			isa = XCBuildConfiguration;
			buildSettings = {
				CODE_SIGN_ENTITLEMENTS = Preview/Preview.entitlements;
				CODE_SIGN_STYLE = Automatic;
				DEAD_CODE_STRIPPING = YES;
				DEVELOPMENT_TEAM = QLPB86L68N;
				ENABLE_HARDENED_RUNTIME = YES;
				GENERATE_INFOPLIST_FILE = YES;
				INFOPLIST_FILE = Preview/Info.plist;
				INFOPLIST_KEY_CFBundleDisplayName = Preview;
				INFOPLIST_KEY_NSHumanReadableCopyright = "";
				LD_RUNPATH_SEARCH_PATHS = (
					"$(inherited)",
					"@executable_path/../Frameworks",
					"@executable_path/../../../../Frameworks",
				);
				PRODUCT_BUNDLE_IDENTIFIER = dev.mkj.LottieViewer.Preview;
				PRODUCT_NAME = "$(TARGET_NAME)";
				SKIP_INSTALL = YES;
				SWIFT_EMIT_LOC_STRINGS = YES;
				SWIFT_VERSION = 5.0;
			};
			name = Release;
		};
		15447A672D2D617E00DB7205 /* Debug */ = {
			isa = XCBuildConfiguration;
			buildSettings = {
				CODE_SIGN_ENTITLEMENTS = Thumbnail/Thumbnail.entitlements;
				CODE_SIGN_STYLE = Automatic;
				DEAD_CODE_STRIPPING = YES;
				DEVELOPMENT_TEAM = QLPB86L68N;
				ENABLE_HARDENED_RUNTIME = YES;
				GENERATE_INFOPLIST_FILE = YES;
				INFOPLIST_FILE = Thumbnail/Info.plist;
				INFOPLIST_KEY_CFBundleDisplayName = Thumbnail;
				INFOPLIST_KEY_NSHumanReadableCopyright = "";
				LD_RUNPATH_SEARCH_PATHS = (
					"$(inherited)",
					"@executable_path/../Frameworks",
					"@executable_path/../../../../Frameworks",
				);
				PRODUCT_BUNDLE_IDENTIFIER = dev.mkj.LottieViewer.Thumbnail;
				PRODUCT_NAME = "$(TARGET_NAME)";
				SKIP_INSTALL = YES;
				SWIFT_EMIT_LOC_STRINGS = YES;
				SWIFT_VERSION = 5.0;
			};
			name = Debug;
		};
		15447A682D2D617E00DB7205 /* Release */ = {
			isa = XCBuildConfiguration;
			buildSettings = {
				CODE_SIGN_ENTITLEMENTS = Thumbnail/Thumbnail.entitlements;
				CODE_SIGN_STYLE = Automatic;
				DEAD_CODE_STRIPPING = YES;
				DEVELOPMENT_TEAM = QLPB86L68N;
				ENABLE_HARDENED_RUNTIME = YES;
				GENERATE_INFOPLIST_FILE = YES;
				INFOPLIST_FILE = Thumbnail/Info.plist;
				INFOPLIST_KEY_CFBundleDisplayName = Thumbnail;
				INFOPLIST_KEY_NSHumanReadableCopyright = "";
				LD_RUNPATH_SEARCH_PATHS = (
					"$(inherited)",
					"@executable_path/../Frameworks",
					"@executable_path/../../../../Frameworks",
				);
				PRODUCT_BUNDLE_IDENTIFIER = dev.mkj.LottieViewer.Thumbnail;
				PRODUCT_NAME = "$(TARGET_NAME)";
				SKIP_INSTALL = YES;
				SWIFT_EMIT_LOC_STRINGS = YES;
				SWIFT_VERSION = 5.0;
			};
			name = Release;
		};
/* End XCBuildConfiguration section */

/* Begin XCConfigurationList section */
		154478E72D281E1F00DB7205 /* Build configuration list for PBXProject "LottieViewer" */ = {
			isa = XCConfigurationList;
			buildConfigurations = (
				154479162D281E2100DB7205 /* Debug */,
				154479172D281E2100DB7205 /* Release */,
			);
			defaultConfigurationIsVisible = 0;
			defaultConfigurationName = Release;
		};
		154479132D281E2100DB7205 /* Build configuration list for PBXNativeTarget "LottieViewer" */ = {
			isa = XCConfigurationList;
			buildConfigurations = (
				154479142D281E2100DB7205 /* Debug */,
				154479152D281E2100DB7205 /* Release */,
			);
			defaultConfigurationIsVisible = 0;
			defaultConfigurationName = Release;
		};
		154479182D281E2100DB7205 /* Build configuration list for PBXNativeTarget "LottieViewerTests" */ = {
			isa = XCConfigurationList;
			buildConfigurations = (
				154479192D281E2100DB7205 /* Debug */,
				1544791A2D281E2100DB7205 /* Release */,
			);
			defaultConfigurationIsVisible = 0;
			defaultConfigurationName = Release;
		};
		1544791B2D281E2100DB7205 /* Build configuration list for PBXNativeTarget "LottieViewerUITests" */ = {
			isa = XCConfigurationList;
			buildConfigurations = (
				1544791C2D281E2100DB7205 /* Debug */,
				1544791D2D281E2100DB7205 /* Release */,
			);
			defaultConfigurationIsVisible = 0;
			defaultConfigurationName = Release;
		};
		15447A2B2D2C698700DB7205 /* Build configuration list for PBXNativeTarget "Preview" */ = {
			isa = XCConfigurationList;
			buildConfigurations = (
				15447A292D2C698700DB7205 /* Debug */,
				15447A2A2D2C698700DB7205 /* Release */,
			);
			defaultConfigurationIsVisible = 0;
			defaultConfigurationName = Release;
		};
		15447A662D2D617E00DB7205 /* Build configuration list for PBXNativeTarget "Thumbnail" */ = {
			isa = XCConfigurationList;
			buildConfigurations = (
				15447A672D2D617E00DB7205 /* Debug */,
				15447A682D2D617E00DB7205 /* Release */,
			);
			defaultConfigurationIsVisible = 0;
			defaultConfigurationName = Release;
		};
/* End XCConfigurationList section */

/* Begin XCRemoteSwiftPackageReference section */
		1544797B2D297DC100DB7205 /* XCRemoteSwiftPackageReference "lottie-ios" */ = {
			isa = XCRemoteSwiftPackageReference;
			repositoryURL = "https://github.com/airbnb/lottie-ios.git";
			requirement = {
				kind = upToNextMajorVersion;
				minimumVersion = 4.5.1;
			};
		};
		15577F0E2D6A28420041E76B /* XCRemoteSwiftPackageReference "rive-ios" */ = {
			isa = XCRemoteSwiftPackageReference;
			repositoryURL = "https://github.com/rive-app/rive-ios";
			requirement = {
				kind = upToNextMajorVersion;
				minimumVersion = 6.7.0;
			};
		};
		1570A7F32D5BD1F1004F4B46 /* XCRemoteSwiftPackageReference "dotlottie-ios" */ = {
			isa = XCRemoteSwiftPackageReference;
			repositoryURL = "https://github.com/LottieFiles/dotlottie-ios";
			requirement = {
				kind = upToNextMajorVersion;
				minimumVersion = 0.0.0;
			};
		};
/* End XCRemoteSwiftPackageReference section */

/* Begin XCSwiftPackageProductDependency section */
		15447A6B2D2D62BB00DB7205 /* LottieViewerCore */ = {
			isa = XCSwiftPackageProductDependency;
			productName = LottieViewerCore;
		};
		15447A6D2D2D62C000DB7205 /* LottieViewerCore */ = {
			isa = XCSwiftPackageProductDependency;
			productName = LottieViewerCore;
		};
		15447A6F2D2D62C500DB7205 /* LottieViewerCore */ = {
			isa = XCSwiftPackageProductDependency;
			productName = LottieViewerCore;
		};
		15447A7F2D2D814600DB7205 /* Lottie */ = {
			isa = XCSwiftPackageProductDependency;
			package = 1544797B2D297DC100DB7205 /* XCRemoteSwiftPackageReference "lottie-ios" */;
			productName = Lottie;
		};
		15447A812D2D814A00DB7205 /* Lottie */ = {
			isa = XCSwiftPackageProductDependency;
			package = 1544797B2D297DC100DB7205 /* XCRemoteSwiftPackageReference "lottie-ios" */;
			productName = Lottie;
		};
		15447A832D2D815100DB7205 /* Lottie */ = {
			isa = XCSwiftPackageProductDependency;
			package = 1544797B2D297DC100DB7205 /* XCRemoteSwiftPackageReference "lottie-ios" */;
			productName = Lottie;
		};
		15577F0F2D6A28420041E76B /* RiveRuntime */ = {
			isa = XCSwiftPackageProductDependency;
			package = 15577F0E2D6A28420041E76B /* XCRemoteSwiftPackageReference "rive-ios" */;
			productName = RiveRuntime;
		};
		1570A7F42D5BD1F1004F4B46 /* DotLottie */ = {
			isa = XCSwiftPackageProductDependency;
			package = 1570A7F32D5BD1F1004F4B46 /* XCRemoteSwiftPackageReference "dotlottie-ios" */;
			productName = DotLottie;
		};
/* End XCSwiftPackageProductDependency section */
	};
	rootObject = 154478E42D281E1F00DB7205 /* Project object */;
}
