{
  "originHash" : "f637a188faeff8d3088a08a84dce4a966f52ef4fb7957727835b2dbb9c2215eb",
  "pins" : [
    {
      "identity" : "dotlottie-ios",
      "kind" : "remoteSourceControl",
      "location" : "https://github.com/LottieFiles/dotlottie-ios",
      "state" : {
        "revision" : "4213e7298eb94b81ce08c226302759c34ce59366",
        "version" : "0.11.1"
      }
    },
    {
      "identity" : "lottie-ios",
      "kind" : "remoteSourceControl",
      "location" : "https://github.com/airbnb/lottie-ios.git",
      "state" : {
        "revision" : "a004050748dc197c56256a14dca49a035d74726c",
        "version" : "4.5.2"
      }
    },
    {
      "identity" : "rive-ios",
      "kind" : "remoteSourceControl",
      "location" : "https://github.com/rive-app/rive-ios",
      "state" : {
        "revision" : "db6704efa4621c14133ffa1b015550f16a7db7bb",
        "version" : "6.12.1"
      }
    }
  ],
  "version" : 3
}
