{
  "originHash" : "f637a188faeff8d3088a08a84dce4a966f52ef4fb7957727835b2dbb9c2215eb",
  "pins" : [
    {
      "identity" : "dotlottie-ios",
      "kind" : "remoteSourceControl",
      "location" : "https://github.com/LottieFiles/dotlottie-ios",
      "state" : {
        "revision" : "ddc69d0ae3a90894b15b5a925c73232ff1d94307",
        "version" : "0.16.9"
      }
    },
    {
      "identity" : "lottie-ios",
      "kind" : "remoteSourceControl",
      "location" : "https://github.com/airbnb/lottie-ios.git",
      "state" : {
        "revision" : "f4db77d7feacba0c2360b84a40c38a6ce8ff399d",
        "version" : "4.6.1"
      }
    },
    {
      "identity" : "rive-ios",
      "kind" : "remoteSourceControl",
      "location" : "https://github.com/rive-app/rive-ios",
      "state" : {
        "revision" : "a336db4b742a8a795841c9daf8a61e7b16a7ac32",
        "version" : "6.26.0"
      }
    }
  ],
  "version" : 3
}
