{
  "originHash" : "f637a188faeff8d3088a08a84dce4a966f52ef4fb7957727835b2dbb9c2215eb",
  "pins" : [
    {
      "identity" : "dotlottie-ios",
      "kind" : "remoteSourceControl",
      "location" : "https://github.com/LottieFiles/dotlottie-ios",
      "state" : {
        "revision" : "6b2f640b6fd8f2b7930230349de94fc8a1e6eecc",
        "version" : "0.8.1"
      }
    },
    {
      "identity" : "lottie-ios",
      "kind" : "remoteSourceControl",
      "location" : "https://github.com/airbnb/lottie-ios.git",
      "state" : {
        "revision" : "047aa81b77adcbf583a966dfef620d17650cc656",
        "version" : "4.5.1"
      }
    },
    {
      "identity" : "rive-ios",
      "kind" : "remoteSourceControl",
      "location" : "https://github.com/rive-app/rive-ios",
      "state" : {
        "revision" : "05de329e3140dbe5772a0390521dc1c99b459d87",
        "version" : "6.8.2"
      }
    }
  ],
  "version" : 3
}
